
Microsoft Visual Studio Solution File, Format Version 12.00
# Visual Studio Version 16
VisualStudioVersion = 16.0.30114.105
MinimumVisualStudioVersion = 10.0.40219.1
Project("{FAE04EC0-301F-11D3-BF4B-00C04F79EFBC}") = "SingleResponsibilityPrinciple", "SingleResponsibilityPrinciple\SingleResponsibilityPrinciple.csproj", "{7EA8A725-804A-449A-AB6E-8E78A93F3EAE}"
EndProject
Project("{FAE04EC0-301F-11D3-BF4B-00C04F79EFBC}") = "OpenClosedPrinciple", "OpenClosedPrinciple\OpenClosedPrinciple.csproj", "{2422FC6B-8263-4DE7-821C-BEB4C87DA15E}"
EndProject
Project("{FAE04EC0-301F-11D3-BF4B-00C04F79EFBC}") = "LiskovSubstitutionPrinciple", "LiskovSubstitutionPrinciple\LiskovSubstitutionPrinciple.csproj", "{22EB438F-40D3-498D-B9DB-290EBD8551E1}"
EndProject
Project("{FAE04EC0-301F-11D3-BF4B-00C04F79EFBC}") = "InterfaceSegregationPrinciple", "InterfaceSegregationPrinciple\InterfaceSegregationPrinciple.csproj", "{E30F8BAC-F6C0-4205-A462-FE44BE5369E2}"
EndProject
Project("{FAE04EC0-301F-11D3-BF4B-00C04F79EFBC}") = "DependencyInversionPrinciple", "DependencyInversionPrinciple\DependencyInversionPrinciple.csproj", "{2CB1A60B-4C4F-4ECB-BD4D-6D4F922584B7}"
EndProject
Global
	GlobalSection(SolutionConfigurationPlatforms) = preSolution
		Debug|Any CPU = Debug|Any CPU
		Release|Any CPU = Release|Any CPU
	EndGlobalSection
	GlobalSection(SolutionProperties) = preSolution
		HideSolutionNode = FALSE
	EndGlobalSection
	GlobalSection(ProjectConfigurationPlatforms) = postSolution
		{7EA8A725-804A-449A-AB6E-8E78A93F3EAE}.Debug|Any CPU.ActiveCfg = Debug|Any CPU
		{7EA8A725-804A-449A-AB6E-8E78A93F3EAE}.Debug|Any CPU.Build.0 = Debug|Any CPU
		{7EA8A725-804A-449A-AB6E-8E78A93F3EAE}.Release|Any CPU.ActiveCfg = Release|Any CPU
		{7EA8A725-804A-449A-AB6E-8E78A93F3EAE}.Release|Any CPU.Build.0 = Release|Any CPU
		{2422FC6B-8263-4DE7-821C-BEB4C87DA15E}.Debug|Any CPU.ActiveCfg = Debug|Any CPU
		{2422FC6B-8263-4DE7-821C-BEB4C87DA15E}.Debug|Any CPU.Build.0 = Debug|Any CPU
		{2422FC6B-8263-4DE7-821C-BEB4C87DA15E}.Release|Any CPU.ActiveCfg = Release|Any CPU
		{2422FC6B-8263-4DE7-821C-BEB4C87DA15E}.Release|Any CPU.Build.0 = Release|Any CPU
		{22EB438F-40D3-498D-B9DB-290EBD8551E1}.Debug|Any CPU.ActiveCfg = Debug|Any CPU
		{22EB438F-40D3-498D-B9DB-290EBD8551E1}.Debug|Any CPU.Build.0 = Debug|Any CPU
		{22EB438F-40D3-498D-B9DB-290EBD8551E1}.Release|Any CPU.ActiveCfg = Release|Any CPU
		{22EB438F-40D3-498D-B9DB-290EBD8551E1}.Release|Any CPU.Build.0 = Release|Any CPU
		{E30F8BAC-F6C0-4205-A462-FE44BE5369E2}.Debug|Any CPU.ActiveCfg = Debug|Any CPU
		{E30F8BAC-F6C0-4205-A462-FE44BE5369E2}.Debug|Any CPU.Build.0 = Debug|Any CPU
		{E30F8BAC-F6C0-4205-A462-FE44BE5369E2}.Release|Any CPU.ActiveCfg = Release|Any CPU
		{E30F8BAC-F6C0-4205-A462-FE44BE5369E2}.Release|Any CPU.Build.0 = Release|Any CPU
		{2CB1A60B-4C4F-4ECB-BD4D-6D4F922584B7}.Debug|Any CPU.ActiveCfg = Debug|Any CPU
		{2CB1A60B-4C4F-4ECB-BD4D-6D4F922584B7}.Debug|Any CPU.Build.0 = Debug|Any CPU
		{2CB1A60B-4C4F-4ECB-BD4D-6D4F922584B7}.Release|Any CPU.ActiveCfg = Release|Any CPU
		{2CB1A60B-4C4F-4ECB-BD4D-6D4F922584B7}.Release|Any CPU.Build.0 = Release|Any CPU
	EndGlobalSection
EndGlobal
